
Microsoft Visual Studio Solution File, Format Version 12.00
# Visual Studio Version 17
VisualStudioVersion = 17.3.32825.248
MinimumVisualStudioVersion = 10.0.40219.1
Project("{9A19103F-16F7-4668-BE54-9A1E7A4F7556}") = "Chat Box", "Chat Box\Chat Box.csproj", "{617EE5B3-FE0A-4133-8C25-33EF83779249}"
EndProject
Global
	GlobalSection(SolutionConfigurationPlatforms) = preSolution
		Debug|Any CPU = Debug|Any CPU
		Release|Any CPU = Release|Any CPU
	EndGlobalSection
	GlobalSection(ProjectConfigurationPlatforms) = postSolution
		{617EE5B3-FE0A-4133-8C25-33EF83779249}.Debug|Any CPU.ActiveCfg = Debug|Any CPU
		{617EE5B3-FE0A-4133-8C25-33EF83779249}.Debug|Any CPU.Build.0 = Debug|Any CPU
		{617EE5B3-FE0A-4133-8C25-33EF83779249}.Release|Any CPU.ActiveCfg = Release|Any CPU
		{617EE5B3-FE0A-4133-8C25-33EF83779249}.Release|Any CPU.Build.0 = Release|Any CPU
	EndGlobalSection
	GlobalSection(SolutionProperties) = preSolution
		HideSolutionNode = FALSE
	EndGlobalSection
	GlobalSection(ExtensibilityGlobals) = postSolution
		SolutionGuid = {4ADF4DD0-4EA2-463C-AB6F-8D65FBD66F5D}
	EndGlobalSection
EndGlobal
